
Microsoft Visual Studio Solution File, Format Version 12.00
# Visual Studio Version 16
VisualStudioVersion = 16.0.31702.278
MinimumVisualStudioVersion = 10.0.40219.1
Project("{2150E333-8FDC-42A3-9474-1A3956D46DE8}") = "TestConsoles", "TestConsoles", "{24F07CC9-DD5C-4B32-997B-208195B2AEAB}"
EndProject
Project("{9A19103F-16F7-4668-BE54-9A1E7A4F7556}") = "Watchster.WebApi", "Watchster.WebApi\Watchster.WebApi.csproj", "{04EA7AB3-EDD1-40D4-8F88-BA20BA9AB5EB}"
EndProject
Project("{2150E333-8FDC-42A3-9474-1A3956D46DE8}") = "UnitTests", "UnitTests", "{DC4D6766-44DE-40FC-90C7-531B19E1E1CE}"
EndProject
Project("{2150E333-8FDC-42A3-9474-1A3956D46DE8}") = "Tests", "Tests", "{2FCB7D00-D2D2-4309-82E6-8FE1BA68382A}"
EndProject
Project("{2150E333-8FDC-42A3-9474-1A3956D46DE8}") = "Core", "Core", "{32CF6F99-EA37-434D-83CB-D0A207507C07}"
EndProject
Project("{2150E333-8FDC-42A3-9474-1A3956D46DE8}") = "Infrastructure", "Infrastructure", "{BDE67BDB-8D87-4A06-8D22-6367D5DAFA24}"
EndProject
Project("{2150E333-8FDC-42A3-9474-1A3956D46DE8}") = "Presentation", "Presentation", "{DFD8BCED-2375-4597-8843-9DE834FD1A26}"
EndProject
Project("{9A19103F-16F7-4668-BE54-9A1E7A4F7556}") = "Watchster.MLUtil", "Watchster.MLUtil\Watchster.MLUtil.csproj", "{05B4FA38-2777-47BC-AD2D-3A12D2A23882}"
EndProject
Project("{9A19103F-16F7-4668-BE54-9A1E7A4F7556}") = "Watchster.DataAccess", "Watchster.DataAccess\Watchster.DataAccess.csproj", "{564AA387-E6B9-4FFF-AA1D-086E5B09B4C4}"
EndProject
Project("{9A19103F-16F7-4668-BE54-9A1E7A4F7556}") = "Watchster.SendGrid.TestConsole", "Watchster.SendGrid.TestConsole\Watchster.SendGrid.TestConsole.csproj", "{9A209C30-4745-4833-9E67-E6F2A85B168E}"
EndProject
Project("{9A19103F-16F7-4668-BE54-9A1E7A4F7556}") = "Watchster.MLUtil.TestConsole", "Watchster.MLUtil.TestConsole\Watchster.MLUtil.TestConsole.csproj", "{73C561E4-DB6C-4FB1-84B0-0A797842115F}"
EndProject
Project("{9A19103F-16F7-4668-BE54-9A1E7A4F7556}") = "Watchster.MLUtil.UnitTests", "Watchster.MLUtil.UnitTests\Watchster.MLUtil.UnitTests.csproj", "{C900453E-C20E-4FE8-BF94-6758896A0D03}"
EndProject
Project("{2150E333-8FDC-42A3-9474-1A3956D46DE8}") = "Jobs", "Jobs", "{55CDACE2-3872-400F-B502-6586D3048820}"
EndProject
Project("{9A19103F-16F7-4668-BE54-9A1E7A4F7556}") = "Watchster.MovieImporter", "Watchster.MovieImporter\Watchster.MovieImporter.csproj", "{D2EB69CD-98D9-4131-A4AD-9230D1BBE2C9}"
EndProject
Project("{9A19103F-16F7-4668-BE54-9A1E7A4F7556}") = "Watchster.MovieRecommenderNotifier", "Watchster.MovieRecommenderNotifier\Watchster.MovieRecommenderNotifier.csproj", "{D10FC4D1-8038-4485-AD70-57BFC608EC9A}"
EndProject
Project("{9A19103F-16F7-4668-BE54-9A1E7A4F7556}") = "Watchster.SendGrid", "Watchster.SendGrid\Watchster.SendGrid.csproj", "{6D687668-3620-4C04-AFDB-5A65BFB32BA8}"
EndProject
Project("{9A19103F-16F7-4668-BE54-9A1E7A4F7556}") = "Watchster.SendGridService.UnitTests", "Watchster.SendGrid.UnitTests\Watchster.SendGridService.UnitTests.csproj", "{3E450987-899F-4B6A-8194-DA54DC129561}"
EndProject
Project("{9A19103F-16F7-4668-BE54-9A1E7A4F7556}") = "Watchster.TMDb.TestConsole", "Watchster.TMDb.TestConsole\Watchster.TMDb.TestConsole.csproj", "{2315E95A-830E-4912-BF2F-B2CF5AB7E7AC}"
EndProject
Project("{9A19103F-16F7-4668-BE54-9A1E7A4F7556}") = "Watchster.TMDb", "Watchster.TMDb\Watchster.TMDb.csproj", "{B18059F2-A120-4239-9190-CE1C2BF1D1E8}"
EndProject
Project("{9A19103F-16F7-4668-BE54-9A1E7A4F7556}") = "Watchster.TMDb.UnitTests", "Watchster.TMDb.UnitTests\Watchster.TMDb.UnitTests.csproj", "{91FDB51D-CF96-4543-9B33-6736223AEDBA}"
EndProject
Project("{9A19103F-16F7-4668-BE54-9A1E7A4F7556}") = "Watchster.Domain", "Watchster.Domain\Watchster.Domain.csproj", "{FCB2107B-64E2-4785-8D61-69D2DA3A132A}"
EndProject
Project("{9A19103F-16F7-4668-BE54-9A1E7A4F7556}") = "Watchster.Application", "Watchster.Application\Watchster.Application.csproj", "{44A060AA-1E74-401D-9561-56682A89FBAF}"
EndProject
Project("{9A19103F-16F7-4668-BE54-9A1E7A4F7556}") = "Watchster.DataAccess.UnitTests", "Watchster.DataAccess.UnitTests\Watchster.DataAccess.UnitTests.csproj", "{3CC0615F-D460-4AD8-B71E-4E8F6EC11307}"
EndProject
Project("{9A19103F-16F7-4668-BE54-9A1E7A4F7556}") = "Watchster.WebApi.UnitTests", "Watchster.WebApi.UnitTests\Watchster.WebApi.UnitTests.csproj", "{5737D047-6349-4CC4-95A2-1ADB9A773EB1}"
	ProjectSection(ProjectDependencies) = postProject
		{04EA7AB3-EDD1-40D4-8F88-BA20BA9AB5EB} = {04EA7AB3-EDD1-40D4-8F88-BA20BA9AB5EB}
	EndProjectSection
EndProject
Global
	GlobalSection(SolutionConfigurationPlatforms) = preSolution
		Debug|Any CPU = Debug|Any CPU
		Release|Any CPU = Release|Any CPU
	EndGlobalSection
	GlobalSection(ProjectConfigurationPlatforms) = postSolution
		{04EA7AB3-EDD1-40D4-8F88-BA20BA9AB5EB}.Debug|Any CPU.ActiveCfg = Debug|Any CPU
		{04EA7AB3-EDD1-40D4-8F88-BA20BA9AB5EB}.Debug|Any CPU.Build.0 = Debug|Any CPU
		{04EA7AB3-EDD1-40D4-8F88-BA20BA9AB5EB}.Release|Any CPU.ActiveCfg = Release|Any CPU
		{04EA7AB3-EDD1-40D4-8F88-BA20BA9AB5EB}.Release|Any CPU.Build.0 = Release|Any CPU
		{05B4FA38-2777-47BC-AD2D-3A12D2A23882}.Debug|Any CPU.ActiveCfg = Debug|Any CPU
		{05B4FA38-2777-47BC-AD2D-3A12D2A23882}.Debug|Any CPU.Build.0 = Debug|Any CPU
		{05B4FA38-2777-47BC-AD2D-3A12D2A23882}.Release|Any CPU.ActiveCfg = Release|Any CPU
		{05B4FA38-2777-47BC-AD2D-3A12D2A23882}.Release|Any CPU.Build.0 = Release|Any CPU
		{564AA387-E6B9-4FFF-AA1D-086E5B09B4C4}.Debug|Any CPU.ActiveCfg = Debug|Any CPU
		{564AA387-E6B9-4FFF-AA1D-086E5B09B4C4}.Debug|Any CPU.Build.0 = Debug|Any CPU
		{564AA387-E6B9-4FFF-AA1D-086E5B09B4C4}.Release|Any CPU.ActiveCfg = Release|Any CPU
		{564AA387-E6B9-4FFF-AA1D-086E5B09B4C4}.Release|Any CPU.Build.0 = Release|Any CPU
		{9A209C30-4745-4833-9E67-E6F2A85B168E}.Debug|Any CPU.ActiveCfg = Debug|Any CPU
		{9A209C30-4745-4833-9E67-E6F2A85B168E}.Debug|Any CPU.Build.0 = Debug|Any CPU
		{9A209C30-4745-4833-9E67-E6F2A85B168E}.Release|Any CPU.ActiveCfg = Release|Any CPU
		{9A209C30-4745-4833-9E67-E6F2A85B168E}.Release|Any CPU.Build.0 = Release|Any CPU
		{73C561E4-DB6C-4FB1-84B0-0A797842115F}.Debug|Any CPU.ActiveCfg = Debug|Any CPU
		{73C561E4-DB6C-4FB1-84B0-0A797842115F}.Debug|Any CPU.Build.0 = Debug|Any CPU
		{73C561E4-DB6C-4FB1-84B0-0A797842115F}.Release|Any CPU.ActiveCfg = Release|Any CPU
		{73C561E4-DB6C-4FB1-84B0-0A797842115F}.Release|Any CPU.Build.0 = Release|Any CPU
		{C900453E-C20E-4FE8-BF94-6758896A0D03}.Debug|Any CPU.ActiveCfg = Debug|Any CPU
		{C900453E-C20E-4FE8-BF94-6758896A0D03}.Debug|Any CPU.Build.0 = Debug|Any CPU
		{C900453E-C20E-4FE8-BF94-6758896A0D03}.Release|Any CPU.ActiveCfg = Release|Any CPU
		{C900453E-C20E-4FE8-BF94-6758896A0D03}.Release|Any CPU.Build.0 = Release|Any CPU
		{D2EB69CD-98D9-4131-A4AD-9230D1BBE2C9}.Debug|Any CPU.ActiveCfg = Debug|Any CPU
		{D2EB69CD-98D9-4131-A4AD-9230D1BBE2C9}.Debug|Any CPU.Build.0 = Debug|Any CPU
		{D2EB69CD-98D9-4131-A4AD-9230D1BBE2C9}.Release|Any CPU.ActiveCfg = Release|Any CPU
		{D2EB69CD-98D9-4131-A4AD-9230D1BBE2C9}.Release|Any CPU.Build.0 = Release|Any CPU
		{D10FC4D1-8038-4485-AD70-57BFC608EC9A}.Debug|Any CPU.ActiveCfg = Debug|Any CPU
		{D10FC4D1-8038-4485-AD70-57BFC608EC9A}.Debug|Any CPU.Build.0 = Debug|Any CPU
		{D10FC4D1-8038-4485-AD70-57BFC608EC9A}.Release|Any CPU.ActiveCfg = Release|Any CPU
		{D10FC4D1-8038-4485-AD70-57BFC608EC9A}.Release|Any CPU.Build.0 = Release|Any CPU
		{6D687668-3620-4C04-AFDB-5A65BFB32BA8}.Debug|Any CPU.ActiveCfg = Debug|Any CPU
		{6D687668-3620-4C04-AFDB-5A65BFB32BA8}.Debug|Any CPU.Build.0 = Debug|Any CPU
		{6D687668-3620-4C04-AFDB-5A65BFB32BA8}.Release|Any CPU.ActiveCfg = Release|Any CPU
		{6D687668-3620-4C04-AFDB-5A65BFB32BA8}.Release|Any CPU.Build.0 = Release|Any CPU
		{3E450987-899F-4B6A-8194-DA54DC129561}.Debug|Any CPU.ActiveCfg = Debug|Any CPU
		{3E450987-899F-4B6A-8194-DA54DC129561}.Debug|Any CPU.Build.0 = Debug|Any CPU
		{3E450987-899F-4B6A-8194-DA54DC129561}.Release|Any CPU.ActiveCfg = Release|Any CPU
		{3E450987-899F-4B6A-8194-DA54DC129561}.Release|Any CPU.Build.0 = Release|Any CPU
		{2315E95A-830E-4912-BF2F-B2CF5AB7E7AC}.Debug|Any CPU.ActiveCfg = Debug|Any CPU
		{2315E95A-830E-4912-BF2F-B2CF5AB7E7AC}.Debug|Any CPU.Build.0 = Debug|Any CPU
		{2315E95A-830E-4912-BF2F-B2CF5AB7E7AC}.Release|Any CPU.ActiveCfg = Release|Any CPU
		{2315E95A-830E-4912-BF2F-B2CF5AB7E7AC}.Release|Any CPU.Build.0 = Release|Any CPU
		{B18059F2-A120-4239-9190-CE1C2BF1D1E8}.Debug|Any CPU.ActiveCfg = Debug|Any CPU
		{B18059F2-A120-4239-9190-CE1C2BF1D1E8}.Debug|Any CPU.Build.0 = Debug|Any CPU
		{B18059F2-A120-4239-9190-CE1C2BF1D1E8}.Release|Any CPU.ActiveCfg = Release|Any CPU
		{B18059F2-A120-4239-9190-CE1C2BF1D1E8}.Release|Any CPU.Build.0 = Release|Any CPU
		{91FDB51D-CF96-4543-9B33-6736223AEDBA}.Debug|Any CPU.ActiveCfg = Debug|Any CPU
		{91FDB51D-CF96-4543-9B33-6736223AEDBA}.Debug|Any CPU.Build.0 = Debug|Any CPU
		{91FDB51D-CF96-4543-9B33-6736223AEDBA}.Release|Any CPU.ActiveCfg = Release|Any CPU
		{91FDB51D-CF96-4543-9B33-6736223AEDBA}.Release|Any CPU.Build.0 = Release|Any CPU
		{FCB2107B-64E2-4785-8D61-69D2DA3A132A}.Debug|Any CPU.ActiveCfg = Debug|Any CPU
		{FCB2107B-64E2-4785-8D61-69D2DA3A132A}.Debug|Any CPU.Build.0 = Debug|Any CPU
		{FCB2107B-64E2-4785-8D61-69D2DA3A132A}.Release|Any CPU.ActiveCfg = Release|Any CPU
		{FCB2107B-64E2-4785-8D61-69D2DA3A132A}.Release|Any CPU.Build.0 = Release|Any CPU
		{44A060AA-1E74-401D-9561-56682A89FBAF}.Debug|Any CPU.ActiveCfg = Debug|Any CPU
		{44A060AA-1E74-401D-9561-56682A89FBAF}.Debug|Any CPU.Build.0 = Debug|Any CPU
		{44A060AA-1E74-401D-9561-56682A89FBAF}.Release|Any CPU.ActiveCfg = Release|Any CPU
		{44A060AA-1E74-401D-9561-56682A89FBAF}.Release|Any CPU.Build.0 = Release|Any CPU
		{3CC0615F-D460-4AD8-B71E-4E8F6EC11307}.Debug|Any CPU.ActiveCfg = Debug|Any CPU
		{3CC0615F-D460-4AD8-B71E-4E8F6EC11307}.Debug|Any CPU.Build.0 = Debug|Any CPU
		{3CC0615F-D460-4AD8-B71E-4E8F6EC11307}.Release|Any CPU.ActiveCfg = Release|Any CPU
		{3CC0615F-D460-4AD8-B71E-4E8F6EC11307}.Release|Any CPU.Build.0 = Release|Any CPU
		{5737D047-6349-4CC4-95A2-1ADB9A773EB1}.Debug|Any CPU.ActiveCfg = Debug|Any CPU
		{5737D047-6349-4CC4-95A2-1ADB9A773EB1}.Debug|Any CPU.Build.0 = Debug|Any CPU
		{5737D047-6349-4CC4-95A2-1ADB9A773EB1}.Release|Any CPU.ActiveCfg = Release|Any CPU
		{5737D047-6349-4CC4-95A2-1ADB9A773EB1}.Release|Any CPU.Build.0 = Release|Any CPU
	EndGlobalSection
	GlobalSection(SolutionProperties) = preSolution
		HideSolutionNode = FALSE
	EndGlobalSection
	GlobalSection(NestedProjects) = preSolution
		{24F07CC9-DD5C-4B32-997B-208195B2AEAB} = {2FCB7D00-D2D2-4309-82E6-8FE1BA68382A}
		{04EA7AB3-EDD1-40D4-8F88-BA20BA9AB5EB} = {DFD8BCED-2375-4597-8843-9DE834FD1A26}
		{DC4D6766-44DE-40FC-90C7-531B19E1E1CE} = {2FCB7D00-D2D2-4309-82E6-8FE1BA68382A}
		{05B4FA38-2777-47BC-AD2D-3A12D2A23882} = {32CF6F99-EA37-434D-83CB-D0A207507C07}
		{564AA387-E6B9-4FFF-AA1D-086E5B09B4C4} = {BDE67BDB-8D87-4A06-8D22-6367D5DAFA24}
		{9A209C30-4745-4833-9E67-E6F2A85B168E} = {24F07CC9-DD5C-4B32-997B-208195B2AEAB}
		{73C561E4-DB6C-4FB1-84B0-0A797842115F} = {24F07CC9-DD5C-4B32-997B-208195B2AEAB}
		{C900453E-C20E-4FE8-BF94-6758896A0D03} = {DC4D6766-44DE-40FC-90C7-531B19E1E1CE}
		{55CDACE2-3872-400F-B502-6586D3048820} = {DFD8BCED-2375-4597-8843-9DE834FD1A26}
		{D2EB69CD-98D9-4131-A4AD-9230D1BBE2C9} = {55CDACE2-3872-400F-B502-6586D3048820}
		{D10FC4D1-8038-4485-AD70-57BFC608EC9A} = {55CDACE2-3872-400F-B502-6586D3048820}
		{6D687668-3620-4C04-AFDB-5A65BFB32BA8} = {32CF6F99-EA37-434D-83CB-D0A207507C07}
		{3E450987-899F-4B6A-8194-DA54DC129561} = {DC4D6766-44DE-40FC-90C7-531B19E1E1CE}
		{2315E95A-830E-4912-BF2F-B2CF5AB7E7AC} = {24F07CC9-DD5C-4B32-997B-208195B2AEAB}
		{B18059F2-A120-4239-9190-CE1C2BF1D1E8} = {BDE67BDB-8D87-4A06-8D22-6367D5DAFA24}
		{91FDB51D-CF96-4543-9B33-6736223AEDBA} = {DC4D6766-44DE-40FC-90C7-531B19E1E1CE}
		{FCB2107B-64E2-4785-8D61-69D2DA3A132A} = {32CF6F99-EA37-434D-83CB-D0A207507C07}
		{44A060AA-1E74-401D-9561-56682A89FBAF} = {32CF6F99-EA37-434D-83CB-D0A207507C07}
		{3CC0615F-D460-4AD8-B71E-4E8F6EC11307} = {DC4D6766-44DE-40FC-90C7-531B19E1E1CE}
		{5737D047-6349-4CC4-95A2-1ADB9A773EB1} = {DC4D6766-44DE-40FC-90C7-531B19E1E1CE}
	EndGlobalSection
	GlobalSection(ExtensibilityGlobals) = postSolution
		SolutionGuid = {E7A2B8F0-0680-42ED-A5D7-EE316C9393C9}
	EndGlobalSection
EndGlobal
