
Microsoft Visual Studio Solution File, Format Version 12.00
# Visual Studio Version 17
VisualStudioVersion = 17.0.31912.275
MinimumVisualStudioVersion = 10.0.40219.1
Project("{9A19103F-16F7-4668-BE54-9A1E7A4F7556}") = "Watchster.WebApi", "Watchster.WebApi\Watchster.WebApi.csproj", "{04EA7AB3-EDD1-40D4-8F88-BA20BA9AB5EB}"
EndProject
Project("{2150E333-8FDC-42A3-9474-1A3956D46DE8}") = "UnitTests", "UnitTests", "{DC4D6766-44DE-40FC-90C7-531B19E1E1CE}"
EndProject
Project("{2150E333-8FDC-42A3-9474-1A3956D46DE8}") = "Tests", "Tests", "{2FCB7D00-D2D2-4309-82E6-8FE1BA68382A}"
EndProject
Project("{2150E333-8FDC-42A3-9474-1A3956D46DE8}") = "Core", "Core", "{32CF6F99-EA37-434D-83CB-D0A207507C07}"
EndProject
Project("{2150E333-8FDC-42A3-9474-1A3956D46DE8}") = "Infrastructure", "Infrastructure", "{BDE67BDB-8D87-4A06-8D22-6367D5DAFA24}"
EndProject
Project("{2150E333-8FDC-42A3-9474-1A3956D46DE8}") = "Presentation", "Presentation", "{DFD8BCED-2375-4597-8843-9DE834FD1A26}"
EndProject
Project("{9A19103F-16F7-4668-BE54-9A1E7A4F7556}") = "Watchster.DataAccess", "Watchster.DataAccess\Watchster.DataAccess.csproj", "{564AA387-E6B9-4FFF-AA1D-086E5B09B4C4}"
EndProject
Project("{2150E333-8FDC-42A3-9474-1A3956D46DE8}") = "Jobs", "Jobs", "{55CDACE2-3872-400F-B502-6586D3048820}"
EndProject
Project("{9A19103F-16F7-4668-BE54-9A1E7A4F7556}") = "Watchster.MovieImporter", "Watchster.MovieImporter\Watchster.MovieImporter.csproj", "{D2EB69CD-98D9-4131-A4AD-9230D1BBE2C9}"
EndProject
Project("{9A19103F-16F7-4668-BE54-9A1E7A4F7556}") = "Watchster.MovieRecommenderNotifier", "Watchster.MovieRecommenderNotifier\Watchster.MovieRecommenderNotifier.csproj", "{D10FC4D1-8038-4485-AD70-57BFC608EC9A}"
EndProject
Project("{9A19103F-16F7-4668-BE54-9A1E7A4F7556}") = "Watchster.SendGrid", "Watchster.SendGrid\Watchster.SendGrid.csproj", "{6D687668-3620-4C04-AFDB-5A65BFB32BA8}"
EndProject
Project("{9A19103F-16F7-4668-BE54-9A1E7A4F7556}") = "Watchster.SendGrid.UnitTests", "Watchster.SendGrid.UnitTests\Watchster.SendGrid.UnitTests.csproj", "{C1D7C085-49B0-4043-A8EE-143BA6396061}"
EndProject
Project("{9A19103F-16F7-4668-BE54-9A1E7A4F7556}") = "Watchster.TMDb", "Watchster.TMDb\Watchster.TMDb.csproj", "{B18059F2-A120-4239-9190-CE1C2BF1D1E8}"
EndProject
Project("{9A19103F-16F7-4668-BE54-9A1E7A4F7556}") = "Watchster.TMDb.UnitTests", "Watchster.TMDb.UnitTests\Watchster.TMDb.UnitTests.csproj", "{E2620583-827E-4049-AC19-95D7EB4149CB}"
EndProject
Project("{9A19103F-16F7-4668-BE54-9A1E7A4F7556}") = "Watchster.Domain", "Watchster.Domain\Watchster.Domain.csproj", "{FCB2107B-64E2-4785-8D61-69D2DA3A132A}"
EndProject
Project("{9A19103F-16F7-4668-BE54-9A1E7A4F7556}") = "Watchster.Application", "Watchster.Application\Watchster.Application.csproj", "{44A060AA-1E74-401D-9561-56682A89FBAF}"
EndProject
Project("{9A19103F-16F7-4668-BE54-9A1E7A4F7556}") = "Watchster.DataAccess.UnitTests", "Watchster.DataAccess.UnitTests\Watchster.DataAccess.UnitTests.csproj", "{181EAB94-7E4E-4D45-8DB7-7030EFD1A50B}"
EndProject
Project("{9A19103F-16F7-4668-BE54-9A1E7A4F7556}") = "Watchster.WebApi.UnitTests", "Watchster.WebApi.UnitTests\Watchster.WebApi.UnitTests.csproj", "{8445CABA-F061-4525-A7AC-A96C66E3CC85}"
	ProjectSection(ProjectDependencies) = postProject
		{04EA7AB3-EDD1-40D4-8F88-BA20BA9AB5EB} = {04EA7AB3-EDD1-40D4-8F88-BA20BA9AB5EB}
	EndProjectSection
EndProject
Project("{2150E333-8FDC-42A3-9474-1A3956D46DE8}") = "Presentation", "Presentation", "{13FCD01D-577C-454C-828E-FDC3B68755BA}"
EndProject
Project("{2150E333-8FDC-42A3-9474-1A3956D46DE8}") = "Infrastructure", "Infrastructure", "{CB8D78D4-8AC2-418D-A95B-5FD60C612B3B}"
EndProject
Project("{2150E333-8FDC-42A3-9474-1A3956D46DE8}") = "Core", "Core", "{D22D291C-176E-4AAF-B873-1F49CD025ACF}"
EndProject
Project("{2150E333-8FDC-42A3-9474-1A3956D46DE8}") = "Jobs", "Jobs", "{529756E1-A72E-441B-A3B9-6F61CC8E8048}"
EndProject
Project("{FAE04EC0-301F-11D3-BF4B-00C04F79EFBC}") = "Watchster.Application.UnitTests", "Watchster.Application.UnitTests\Watchster.Application.UnitTests.csproj", "{BCEFBF63-8965-4CA4-8411-C8EC72946E68}"
EndProject
Global
	GlobalSection(SolutionConfigurationPlatforms) = preSolution
		Debug|Any CPU = Debug|Any CPU
		Release|Any CPU = Release|Any CPU
	EndGlobalSection
	GlobalSection(ProjectConfigurationPlatforms) = postSolution
		{04EA7AB3-EDD1-40D4-8F88-BA20BA9AB5EB}.Debug|Any CPU.ActiveCfg = Debug|Any CPU
		{04EA7AB3-EDD1-40D4-8F88-BA20BA9AB5EB}.Debug|Any CPU.Build.0 = Debug|Any CPU
		{04EA7AB3-EDD1-40D4-8F88-BA20BA9AB5EB}.Release|Any CPU.ActiveCfg = Release|Any CPU
		{04EA7AB3-EDD1-40D4-8F88-BA20BA9AB5EB}.Release|Any CPU.Build.0 = Release|Any CPU
		{564AA387-E6B9-4FFF-AA1D-086E5B09B4C4}.Debug|Any CPU.ActiveCfg = Debug|Any CPU
		{564AA387-E6B9-4FFF-AA1D-086E5B09B4C4}.Debug|Any CPU.Build.0 = Debug|Any CPU
		{564AA387-E6B9-4FFF-AA1D-086E5B09B4C4}.Release|Any CPU.ActiveCfg = Release|Any CPU
		{564AA387-E6B9-4FFF-AA1D-086E5B09B4C4}.Release|Any CPU.Build.0 = Release|Any CPU
		{D2EB69CD-98D9-4131-A4AD-9230D1BBE2C9}.Debug|Any CPU.ActiveCfg = Debug|Any CPU
		{D2EB69CD-98D9-4131-A4AD-9230D1BBE2C9}.Debug|Any CPU.Build.0 = Debug|Any CPU
		{D2EB69CD-98D9-4131-A4AD-9230D1BBE2C9}.Release|Any CPU.ActiveCfg = Release|Any CPU
		{D2EB69CD-98D9-4131-A4AD-9230D1BBE2C9}.Release|Any CPU.Build.0 = Release|Any CPU
		{D10FC4D1-8038-4485-AD70-57BFC608EC9A}.Debug|Any CPU.ActiveCfg = Debug|Any CPU
		{D10FC4D1-8038-4485-AD70-57BFC608EC9A}.Debug|Any CPU.Build.0 = Debug|Any CPU
		{D10FC4D1-8038-4485-AD70-57BFC608EC9A}.Release|Any CPU.ActiveCfg = Release|Any CPU
		{D10FC4D1-8038-4485-AD70-57BFC608EC9A}.Release|Any CPU.Build.0 = Release|Any CPU
		{6D687668-3620-4C04-AFDB-5A65BFB32BA8}.Debug|Any CPU.ActiveCfg = Debug|Any CPU
		{6D687668-3620-4C04-AFDB-5A65BFB32BA8}.Debug|Any CPU.Build.0 = Debug|Any CPU
		{6D687668-3620-4C04-AFDB-5A65BFB32BA8}.Release|Any CPU.ActiveCfg = Release|Any CPU
		{6D687668-3620-4C04-AFDB-5A65BFB32BA8}.Release|Any CPU.Build.0 = Release|Any CPU
		{C1D7C085-49B0-4043-A8EE-143BA6396061}.Debug|Any CPU.ActiveCfg = Debug|Any CPU
		{C1D7C085-49B0-4043-A8EE-143BA6396061}.Debug|Any CPU.Build.0 = Debug|Any CPU
		{C1D7C085-49B0-4043-A8EE-143BA6396061}.Release|Any CPU.ActiveCfg = Release|Any CPU
		{C1D7C085-49B0-4043-A8EE-143BA6396061}.Release|Any CPU.Build.0 = Release|Any CPU
		{B18059F2-A120-4239-9190-CE1C2BF1D1E8}.Debug|Any CPU.ActiveCfg = Debug|Any CPU
		{B18059F2-A120-4239-9190-CE1C2BF1D1E8}.Debug|Any CPU.Build.0 = Debug|Any CPU
		{B18059F2-A120-4239-9190-CE1C2BF1D1E8}.Release|Any CPU.ActiveCfg = Release|Any CPU
		{B18059F2-A120-4239-9190-CE1C2BF1D1E8}.Release|Any CPU.Build.0 = Release|Any CPU
		{E2620583-827E-4049-AC19-95D7EB4149CB}.Debug|Any CPU.ActiveCfg = Debug|Any CPU
		{E2620583-827E-4049-AC19-95D7EB4149CB}.Debug|Any CPU.Build.0 = Debug|Any CPU
		{E2620583-827E-4049-AC19-95D7EB4149CB}.Release|Any CPU.ActiveCfg = Release|Any CPU
		{E2620583-827E-4049-AC19-95D7EB4149CB}.Release|Any CPU.Build.0 = Release|Any CPU
		{FCB2107B-64E2-4785-8D61-69D2DA3A132A}.Debug|Any CPU.ActiveCfg = Debug|Any CPU
		{FCB2107B-64E2-4785-8D61-69D2DA3A132A}.Debug|Any CPU.Build.0 = Debug|Any CPU
		{FCB2107B-64E2-4785-8D61-69D2DA3A132A}.Release|Any CPU.ActiveCfg = Release|Any CPU
		{FCB2107B-64E2-4785-8D61-69D2DA3A132A}.Release|Any CPU.Build.0 = Release|Any CPU
		{44A060AA-1E74-401D-9561-56682A89FBAF}.Debug|Any CPU.ActiveCfg = Debug|Any CPU
		{44A060AA-1E74-401D-9561-56682A89FBAF}.Debug|Any CPU.Build.0 = Debug|Any CPU
		{44A060AA-1E74-401D-9561-56682A89FBAF}.Release|Any CPU.ActiveCfg = Release|Any CPU
		{44A060AA-1E74-401D-9561-56682A89FBAF}.Release|Any CPU.Build.0 = Release|Any CPU
		{181EAB94-7E4E-4D45-8DB7-7030EFD1A50B}.Debug|Any CPU.ActiveCfg = Debug|Any CPU
		{181EAB94-7E4E-4D45-8DB7-7030EFD1A50B}.Debug|Any CPU.Build.0 = Debug|Any CPU
		{181EAB94-7E4E-4D45-8DB7-7030EFD1A50B}.Release|Any CPU.ActiveCfg = Release|Any CPU
		{181EAB94-7E4E-4D45-8DB7-7030EFD1A50B}.Release|Any CPU.Build.0 = Release|Any CPU
		{8445CABA-F061-4525-A7AC-A96C66E3CC85}.Debug|Any CPU.ActiveCfg = Debug|Any CPU
		{8445CABA-F061-4525-A7AC-A96C66E3CC85}.Debug|Any CPU.Build.0 = Debug|Any CPU
		{8445CABA-F061-4525-A7AC-A96C66E3CC85}.Release|Any CPU.ActiveCfg = Release|Any CPU
		{8445CABA-F061-4525-A7AC-A96C66E3CC85}.Release|Any CPU.Build.0 = Release|Any CPU
		{BCEFBF63-8965-4CA4-8411-C8EC72946E68}.Debug|Any CPU.ActiveCfg = Debug|Any CPU
		{BCEFBF63-8965-4CA4-8411-C8EC72946E68}.Debug|Any CPU.Build.0 = Debug|Any CPU
		{BCEFBF63-8965-4CA4-8411-C8EC72946E68}.Release|Any CPU.ActiveCfg = Release|Any CPU
		{BCEFBF63-8965-4CA4-8411-C8EC72946E68}.Release|Any CPU.Build.0 = Release|Any CPU
	EndGlobalSection
	GlobalSection(SolutionProperties) = preSolution
		HideSolutionNode = FALSE
	EndGlobalSection
	GlobalSection(NestedProjects) = preSolution
		{04EA7AB3-EDD1-40D4-8F88-BA20BA9AB5EB} = {DFD8BCED-2375-4597-8843-9DE834FD1A26}
		{DC4D6766-44DE-40FC-90C7-531B19E1E1CE} = {2FCB7D00-D2D2-4309-82E6-8FE1BA68382A}
		{564AA387-E6B9-4FFF-AA1D-086E5B09B4C4} = {BDE67BDB-8D87-4A06-8D22-6367D5DAFA24}
		{55CDACE2-3872-400F-B502-6586D3048820} = {DFD8BCED-2375-4597-8843-9DE834FD1A26}
		{D2EB69CD-98D9-4131-A4AD-9230D1BBE2C9} = {55CDACE2-3872-400F-B502-6586D3048820}
		{D10FC4D1-8038-4485-AD70-57BFC608EC9A} = {55CDACE2-3872-400F-B502-6586D3048820}
		{6D687668-3620-4C04-AFDB-5A65BFB32BA8} = {32CF6F99-EA37-434D-83CB-D0A207507C07}
		{C1D7C085-49B0-4043-A8EE-143BA6396061} = {D22D291C-176E-4AAF-B873-1F49CD025ACF}
		{B18059F2-A120-4239-9190-CE1C2BF1D1E8} = {BDE67BDB-8D87-4A06-8D22-6367D5DAFA24}
		{E2620583-827E-4049-AC19-95D7EB4149CB} = {CB8D78D4-8AC2-418D-A95B-5FD60C612B3B}
		{FCB2107B-64E2-4785-8D61-69D2DA3A132A} = {32CF6F99-EA37-434D-83CB-D0A207507C07}
		{44A060AA-1E74-401D-9561-56682A89FBAF} = {32CF6F99-EA37-434D-83CB-D0A207507C07}
		{181EAB94-7E4E-4D45-8DB7-7030EFD1A50B} = {CB8D78D4-8AC2-418D-A95B-5FD60C612B3B}
		{8445CABA-F061-4525-A7AC-A96C66E3CC85} = {13FCD01D-577C-454C-828E-FDC3B68755BA}
		{13FCD01D-577C-454C-828E-FDC3B68755BA} = {DC4D6766-44DE-40FC-90C7-531B19E1E1CE}
		{CB8D78D4-8AC2-418D-A95B-5FD60C612B3B} = {DC4D6766-44DE-40FC-90C7-531B19E1E1CE}
		{D22D291C-176E-4AAF-B873-1F49CD025ACF} = {DC4D6766-44DE-40FC-90C7-531B19E1E1CE}
		{529756E1-A72E-441B-A3B9-6F61CC8E8048} = {13FCD01D-577C-454C-828E-FDC3B68755BA}
		{BCEFBF63-8965-4CA4-8411-C8EC72946E68} = {D22D291C-176E-4AAF-B873-1F49CD025ACF}
	EndGlobalSection
	GlobalSection(ExtensibilityGlobals) = postSolution
		SolutionGuid = {E7A2B8F0-0680-42ED-A5D7-EE316C9393C9}
	EndGlobalSection
EndGlobal
