
Microsoft Visual Studio Solution File, Format Version 12.00
# Visual Studio Version 16
VisualStudioVersion = 16.0.31624.102
MinimumVisualStudioVersion = 10.0.40219.1
Project("{2150E333-8FDC-42A3-9474-1A3956D46DE8}") = "IntegrationTests", "IntegrationTests", "{24F07CC9-DD5C-4B32-997B-208195B2AEAB}"
EndProject
Project("{9A19103F-16F7-4668-BE54-9A1E7A4F7556}") = "Watchster.TestConsole", "Watchster.TestConsole\Watchster.TestConsole.csproj", "{2C84B8AB-FF58-4C66-94F9-9938453B6BC3}"
EndProject
Project("{9A19103F-16F7-4668-BE54-9A1E7A4F7556}") = "Watchster.WebApi", "Watchster.WebApi\Watchster.WebApi.csproj", "{04EA7AB3-EDD1-40D4-8F88-BA20BA9AB5EB}"
EndProject
Project("{FAE04EC0-301F-11D3-BF4B-00C04F79EFBC}") = "Watchster.UnitTests", "Watchster.UnitTests\Watchster.UnitTests.csproj", "{A3732D03-A948-46E1-B5CE-2C2F67CEA6FF}"
EndProject
Project("{2150E333-8FDC-42A3-9474-1A3956D46DE8}") = "UnitTests", "UnitTests", "{DC4D6766-44DE-40FC-90C7-531B19E1E1CE}"
EndProject
Project("{2150E333-8FDC-42A3-9474-1A3956D46DE8}") = "Tests", "Tests", "{2FCB7D00-D2D2-4309-82E6-8FE1BA68382A}"
EndProject
Global
	GlobalSection(SolutionConfigurationPlatforms) = preSolution
		Debug|Any CPU = Debug|Any CPU
		Release|Any CPU = Release|Any CPU
	EndGlobalSection
	GlobalSection(ProjectConfigurationPlatforms) = postSolution
		{2C84B8AB-FF58-4C66-94F9-9938453B6BC3}.Debug|Any CPU.ActiveCfg = Debug|Any CPU
		{2C84B8AB-FF58-4C66-94F9-9938453B6BC3}.Debug|Any CPU.Build.0 = Debug|Any CPU
		{2C84B8AB-FF58-4C66-94F9-9938453B6BC3}.Release|Any CPU.ActiveCfg = Release|Any CPU
		{2C84B8AB-FF58-4C66-94F9-9938453B6BC3}.Release|Any CPU.Build.0 = Release|Any CPU
		{04EA7AB3-EDD1-40D4-8F88-BA20BA9AB5EB}.Debug|Any CPU.ActiveCfg = Debug|Any CPU
		{04EA7AB3-EDD1-40D4-8F88-BA20BA9AB5EB}.Debug|Any CPU.Build.0 = Debug|Any CPU
		{04EA7AB3-EDD1-40D4-8F88-BA20BA9AB5EB}.Release|Any CPU.ActiveCfg = Release|Any CPU
		{04EA7AB3-EDD1-40D4-8F88-BA20BA9AB5EB}.Release|Any CPU.Build.0 = Release|Any CPU
		{A3732D03-A948-46E1-B5CE-2C2F67CEA6FF}.Debug|Any CPU.ActiveCfg = Debug|Any CPU
		{A3732D03-A948-46E1-B5CE-2C2F67CEA6FF}.Debug|Any CPU.Build.0 = Debug|Any CPU
		{A3732D03-A948-46E1-B5CE-2C2F67CEA6FF}.Release|Any CPU.ActiveCfg = Release|Any CPU
		{A3732D03-A948-46E1-B5CE-2C2F67CEA6FF}.Release|Any CPU.Build.0 = Release|Any CPU
	EndGlobalSection
	GlobalSection(SolutionProperties) = preSolution
		HideSolutionNode = FALSE
	EndGlobalSection
	GlobalSection(NestedProjects) = preSolution
		{24F07CC9-DD5C-4B32-997B-208195B2AEAB} = {2FCB7D00-D2D2-4309-82E6-8FE1BA68382A}
		{2C84B8AB-FF58-4C66-94F9-9938453B6BC3} = {24F07CC9-DD5C-4B32-997B-208195B2AEAB}
		{A3732D03-A948-46E1-B5CE-2C2F67CEA6FF} = {DC4D6766-44DE-40FC-90C7-531B19E1E1CE}
		{DC4D6766-44DE-40FC-90C7-531B19E1E1CE} = {2FCB7D00-D2D2-4309-82E6-8FE1BA68382A}
	EndGlobalSection
	GlobalSection(ExtensibilityGlobals) = postSolution
		SolutionGuid = {E7A2B8F0-0680-42ED-A5D7-EE316C9393C9}
	EndGlobalSection
EndGlobal
